Microsoft Visual Studio Solution File, Format Version 12.00
# Visual Studio 2012
Project("{FAE04EC0-301F-11D3-BF4B-00C04F79EFBC}") = "WFC-2d", "WFC-2d.csproj", "{18E7F146-DA42-4415-964F-2465E97D42CA}"
EndProject
Global
	GlobalSection(SolutionConfigurationPlatforms) = preSolution
	Debug|Any CPU = Debug|Any CPU
	ExportDebug|Any CPU = ExportDebug|Any CPU
	ExportRelease|Any CPU = ExportRelease|Any CPU
	EndGlobalSection
	GlobalSection(ProjectConfigurationPlatforms) = postSolution
		{18E7F146-DA42-4415-964F-2465E97D42CA}.Debug|Any CPU.ActiveCfg = Debug|Any CPU
		{18E7F146-DA42-4415-964F-2465E97D42CA}.Debug|Any CPU.Build.0 = Debug|Any CPU
		{18E7F146-DA42-4415-964F-2465E97D42CA}.ExportDebug|Any CPU.ActiveCfg = ExportDebug|Any CPU
		{18E7F146-DA42-4415-964F-2465E97D42CA}.ExportDebug|Any CPU.Build.0 = ExportDebug|Any CPU
		{18E7F146-DA42-4415-964F-2465E97D42CA}.ExportRelease|Any CPU.ActiveCfg = ExportRelease|Any CPU
		{18E7F146-DA42-4415-964F-2465E97D42CA}.ExportRelease|Any CPU.Build.0 = ExportRelease|Any CPU
	EndGlobalSection
EndGlobal
