Microsoft Visual Studio Solution File, Format Version 12.00
# Visual Studio 2012
Project("{FAE04EC0-301F-11D3-BF4B-00C04F79EFBC}") = "WFC-2d", "WFC-2d.csproj", "{3AA1F7A6-055A-47A3-A441-A4B1834E473C}"
EndProject
Global
	GlobalSection(SolutionConfigurationPlatforms) = preSolution
	Debug|Any CPU = Debug|Any CPU
	ExportDebug|Any CPU = ExportDebug|Any CPU
	ExportRelease|Any CPU = ExportRelease|Any CPU
	EndGlobalSection
	GlobalSection(ProjectConfigurationPlatforms) = postSolution
		{3AA1F7A6-055A-47A3-A441-A4B1834E473C}.Debug|Any CPU.ActiveCfg = Debug|Any CPU
		{3AA1F7A6-055A-47A3-A441-A4B1834E473C}.Debug|Any CPU.Build.0 = Debug|Any CPU
		{3AA1F7A6-055A-47A3-A441-A4B1834E473C}.ExportDebug|Any CPU.ActiveCfg = ExportDebug|Any CPU
		{3AA1F7A6-055A-47A3-A441-A4B1834E473C}.ExportDebug|Any CPU.Build.0 = ExportDebug|Any CPU
		{3AA1F7A6-055A-47A3-A441-A4B1834E473C}.ExportRelease|Any CPU.ActiveCfg = ExportRelease|Any CPU
		{3AA1F7A6-055A-47A3-A441-A4B1834E473C}.ExportRelease|Any CPU.Build.0 = ExportRelease|Any CPU
	EndGlobalSection
EndGlobal
